
Microsoft Visual Studio Solution File, Format Version 12.00
# Visual Studio Version 17
VisualStudioVersion = 17.7.34031.279
MinimumVisualStudioVersion = 10.0.40219.1
Project("{FAE04EC0-301F-11D3-BF4B-00C04F79EFBC}") = "AdventOfCode2023", "AdventOfCode2023.csproj", "{0834E84D-E406-48C8-AC39-CE6C7DA2095D}"
EndProject
Global
	GlobalSection(SolutionConfigurationPlatforms) = preSolution
		Debug|Any CPU = Debug|Any CPU
		Release|Any CPU = Release|Any CPU
	EndGlobalSection
	GlobalSection(ProjectConfigurationPlatforms) = postSolution
		{0834E84D-E406-48C8-AC39-CE6C7DA2095D}.Debug|Any CPU.ActiveCfg = Debug|Any CPU
		{0834E84D-E406-48C8-AC39-CE6C7DA2095D}.Debug|Any CPU.Build.0 = Debug|Any CPU
		{0834E84D-E406-48C8-AC39-CE6C7DA2095D}.Release|Any CPU.ActiveCfg = Release|Any CPU
		{0834E84D-E406-48C8-AC39-CE6C7DA2095D}.Release|Any CPU.Build.0 = Release|Any CPU
	EndGlobalSection
	GlobalSection(SolutionProperties) = preSolution
		HideSolutionNode = FALSE
	EndGlobalSection
	GlobalSection(ExtensibilityGlobals) = postSolution
		SolutionGuid = {A8A3FD50-9F89-4761-B5EB-0AB12C2C73F0}
	EndGlobalSection
EndGlobal
